
Microsoft Visual Studio Solution File, Format Version 12.00
# Visual Studio Version 18
VisualStudioVersion = 18.3.11312.210 d18.3
MinimumVisualStudioVersion = 10.0.40219.1
Project("{FAE04EC0-301F-11D3-BF4B-00C04F79EFBC}") = "app-reclamos-seguros", "app-reclamos-seguros\app-reclamos-seguros.csproj", "{9AAB983B-A463-E0BF-C349-4059F9BB9F20}"
EndProject
Project("{FAE04EC0-301F-11D3-BF4B-00C04F79EFBC}") = "app-reclamos-seguros.UnitTests", "app-reclamos-seguros-testing\app-reclamos-seguros.UnitTests.csproj", "{657826AE-0EDC-AB37-495E-F2D3DB299A06}"
EndProject
Global
	GlobalSection(SolutionConfigurationPlatforms) = preSolution
		Debug|Any CPU = Debug|Any CPU
		Release|Any CPU = Release|Any CPU
	EndGlobalSection
	GlobalSection(ProjectConfigurationPlatforms) = postSolution
		{9AAB983B-A463-E0BF-C349-4059F9BB9F20}.Debug|Any CPU.ActiveCfg = Debug|Any CPU
		{9AAB983B-A463-E0BF-C349-4059F9BB9F20}.Debug|Any CPU.Build.0 = Debug|Any CPU
		{9AAB983B-A463-E0BF-C349-4059F9BB9F20}.Release|Any CPU.ActiveCfg = Release|Any CPU
		{9AAB983B-A463-E0BF-C349-4059F9BB9F20}.Release|Any CPU.Build.0 = Release|Any CPU
		{657826AE-0EDC-AB37-495E-F2D3DB299A06}.Debug|Any CPU.ActiveCfg = Debug|Any CPU
		{657826AE-0EDC-AB37-495E-F2D3DB299A06}.Debug|Any CPU.Build.0 = Debug|Any CPU
		{657826AE-0EDC-AB37-495E-F2D3DB299A06}.Release|Any CPU.ActiveCfg = Release|Any CPU
		{657826AE-0EDC-AB37-495E-F2D3DB299A06}.Release|Any CPU.Build.0 = Release|Any CPU
	EndGlobalSection
	GlobalSection(SolutionProperties) = preSolution
		HideSolutionNode = FALSE
	EndGlobalSection
	GlobalSection(ExtensibilityGlobals) = postSolution
		SolutionGuid = {2CFD27BD-64B1-44A2-8DAF-CB504E1C8AD9}
	EndGlobalSection
EndGlobal
